
Microsoft Visual Studio Solution File, Format Version 12.00
# Visual Studio 15
VisualStudioVersion = 15.0.27428.2027
MinimumVisualStudioVersion = 10.0.40219.1
Project("{FAE04EC0-301F-11D3-BF4B-00C04F79EFBC}") = "PatternLearning", "PatternLearning\PatternLearning.csproj", "{579F4717-D71C-4634-8A89-5554640B987D}"
EndProject
Global
	GlobalSection(SolutionConfigurationPlatforms) = preSolution
		Debug|Any CPU = Debug|Any CPU
		Release|Any CPU = Release|Any CPU
	EndGlobalSection
	GlobalSection(ProjectConfigurationPlatforms) = postSolution
		{579F4717-D71C-4634-8A89-5554640B987D}.Debug|Any CPU.ActiveCfg = Debug|Any CPU
		{579F4717-D71C-4634-8A89-5554640B987D}.Debug|Any CPU.Build.0 = Debug|Any CPU
		{579F4717-D71C-4634-8A89-5554640B987D}.Release|Any CPU.ActiveCfg = Release|Any CPU
		{579F4717-D71C-4634-8A89-5554640B987D}.Release|Any CPU.Build.0 = Release|Any CPU
	EndGlobalSection
	GlobalSection(SolutionProperties) = preSolution
		HideSolutionNode = FALSE
	EndGlobalSection
	GlobalSection(ExtensibilityGlobals) = postSolution
		SolutionGuid = {40975BA3-BC2A-4A96-B3AA-AE87F17AC91C}
	EndGlobalSection
EndGlobal
